// !$*UTF8*$!
{
	archiveVersion = 1;
	classes = {
	};
	objectVersion = 77;
	objects = {

/* Begin PBXBuildFile section */
		0E7265B7FD95D0E8C2F85EEA /* PlaceholderLogView.swift in Sources */ = {isa = PBXBuildFile; fileRef = 081560AE3DA529FA223035F2 /* PlaceholderLogView.swift */; };
		4E8906A7A0BDAF7C0B51F90F /* SignInWithAppleButtonView.swift in Sources */ = {isa = PBXBuildFile; fileRef = AC846B5B291516618F30C690 /* SignInWithAppleButtonView.swift */; };
		5862D577D9A5BDAD7EB7AECE /* PlaceholderCalendarView.swift in Sources */ = {isa = PBXBuildFile; fileRef = 12D09086A7BED0BAFFB00412 /* PlaceholderCalendarView.swift */; };
		58754E70DD8B221E0862AEAB /* PlaceholderDashboardView.swift in Sources */ = {isa = PBXBuildFile; fileRef = 584E63FE504017F8B939B03D /* PlaceholderDashboardView.swift */; };
		614813C1629A8CBA1751CDCF /* RootView.swift in Sources */ = {isa = PBXBuildFile; fileRef = EBDD3F03C7ADB93D4EB6A0F4 /* RootView.swift */; };
		82571FE5C7267615F9EB7941 /* MainTabView.swift in Sources */ = {isa = PBXBuildFile; fileRef = 6021C3981E6D1CA249DB96E4 /* MainTabView.swift */; };
		A09B348E34A8E4C015714458 /* PlaceholderProgressView.swift in Sources */ = {isa = PBXBuildFile; fileRef = 346AB6CA0D8084348CBA7F83 /* PlaceholderProgressView.swift */; };
		AE668C5D9CA9D3C9674C2DA7 /* SignInView.swift in Sources */ = {isa = PBXBuildFile; fileRef = 44A9BC67B49671EB5C6BC709 /* SignInView.swift */; };
		D2044A859FA3C92C80F9C151 /* MuscleBodyView.swift in Sources */ = {isa = PBXBuildFile; fileRef = AC5DBD019A634AEAB198BE51 /* MuscleBodyView.swift */; };
		D3E05A8B25FE1AF18C6C5C52 /* AthlixApp.swift in Sources */ = {isa = PBXBuildFile; fileRef = B45BE7CFBA6C7B866052A5F9 /* AthlixApp.swift */; };
		D94788B18DF0A394D58AD407 /* SignUpView.swift in Sources */ = {isa = PBXBuildFile; fileRef = C7965FEB300E3D6E913BD964 /* SignUpView.swift */; };
		DFB61FF8F7FC4B83B29F6A89 /* PlaceholderRunView.swift in Sources */ = {isa = PBXBuildFile; fileRef = F7C727D6D0ED1B1CF3A87E72 /* PlaceholderRunView.swift */; };
		EA3FFBF4B822A58CCF78D9F0 /* AthlixCore in Frameworks */ = {isa = PBXBuildFile; productRef = 3A8D9625D32093B32C7AB9DB /* AthlixCore */; };
/* End PBXBuildFile section */

/* Begin PBXFileReference section */
		081560AE3DA529FA223035F2 /* PlaceholderLogView.swift */ = {isa = PBXFileReference; lastKnownFileType = sourcecode.swift; path = PlaceholderLogView.swift; sourceTree = "<group>"; };
		12D09086A7BED0BAFFB00412 /* PlaceholderCalendarView.swift */ = {isa = PBXFileReference; lastKnownFileType = sourcecode.swift; path = PlaceholderCalendarView.swift; sourceTree = "<group>"; };
		346AB6CA0D8084348CBA7F83 /* PlaceholderProgressView.swift */ = {isa = PBXFileReference; lastKnownFileType = sourcecode.swift; path = PlaceholderProgressView.swift; sourceTree = "<group>"; };
		44A9BC67B49671EB5C6BC709 /* SignInView.swift */ = {isa = PBXFileReference; lastKnownFileType = sourcecode.swift; path = SignInView.swift; sourceTree = "<group>"; };
		584E63FE504017F8B939B03D /* PlaceholderDashboardView.swift */ = {isa = PBXFileReference; lastKnownFileType = sourcecode.swift; path = PlaceholderDashboardView.swift; sourceTree = "<group>"; };
		6021C3981E6D1CA249DB96E4 /* MainTabView.swift */ = {isa = PBXFileReference; lastKnownFileType = sourcecode.swift; path = MainTabView.swift; sourceTree = "<group>"; };
		61834EDDA3FF07A9F5474171 /* Athlix.app */ = {isa = PBXFileReference; includeInIndex = 0; lastKnownFileType = wrapper.application; path = Athlix.app; sourceTree = BUILT_PRODUCTS_DIR; };
		7BD3C79225CF29A46176DE19 /* Athlix.entitlements */ = {isa = PBXFileReference; lastKnownFileType = text.plist.entitlements; path = Athlix.entitlements; sourceTree = "<group>"; };
		8E1512DFFA451559387C14FD /* Info.plist */ = {isa = PBXFileReference; lastKnownFileType = text.plist; path = Info.plist; sourceTree = "<group>"; };
		AC5DBD019A634AEAB198BE51 /* MuscleBodyView.swift */ = {isa = PBXFileReference; lastKnownFileType = sourcecode.swift; path = MuscleBodyView.swift; sourceTree = "<group>"; };
		AC846B5B291516618F30C690 /* SignInWithAppleButtonView.swift */ = {isa = PBXFileReference; lastKnownFileType = sourcecode.swift; path = SignInWithAppleButtonView.swift; sourceTree = "<group>"; };
		B43061965F2D113F8241335A /* AthlixCore */ = {isa = PBXFileReference; lastKnownFileType = folder; name = AthlixCore; path = AthlixCore; sourceTree = SOURCE_ROOT; };
		B45BE7CFBA6C7B866052A5F9 /* AthlixApp.swift */ = {isa = PBXFileReference; lastKnownFileType = sourcecode.swift; path = AthlixApp.swift; sourceTree = "<group>"; };
		C7965FEB300E3D6E913BD964 /* SignUpView.swift */ = {isa = PBXFileReference; lastKnownFileType = sourcecode.swift; path = SignUpView.swift; sourceTree = "<group>"; };
		EBDD3F03C7ADB93D4EB6A0F4 /* RootView.swift */ = {isa = PBXFileReference; lastKnownFileType = sourcecode.swift; path = RootView.swift; sourceTree = "<group>"; };
		F7C727D6D0ED1B1CF3A87E72 /* PlaceholderRunView.swift */ = {isa = PBXFileReference; lastKnownFileType = sourcecode.swift; path = PlaceholderRunView.swift; sourceTree = "<group>"; };
/* End PBXFileReference section */

/* Begin PBXFrameworksBuildPhase section */
		95F92A76BAE73A5979A5DA36 /* Frameworks */ = {
			isa = PBXFrameworksBuildPhase;
			buildActionMask = 2147483647;
			files = (
				EA3FFBF4B822A58CCF78D9F0 /* AthlixCore in Frameworks */,
			);
			runOnlyForDeploymentPostprocessing = 0;
		};
/* End PBXFrameworksBuildPhase section */

/* Begin PBXGroup section */
		4A8F727D9A28FF7572BE789D /* Calendar */ = {
			isa = PBXGroup;
			children = (
				12D09086A7BED0BAFFB00412 /* PlaceholderCalendarView.swift */,
			);
			path = Calendar;
			sourceTree = "<group>";
		};
		51B540FE387F73A9802CF499 = {
			isa = PBXGroup;
			children = (
				F903B38A3C52C1FE9EB3D2F2 /* Athlix */,
				6D45D6DA7FC15F3DBC507259 /* Packages */,
				EFA2112B8A84D825C5754144 /* Products */,
			);
			sourceTree = "<group>";
		};
		67EAB033E71695703E37B86F /* Navigation */ = {
			isa = PBXGroup;
			children = (
				6021C3981E6D1CA249DB96E4 /* MainTabView.swift */,
			);
			path = Navigation;
			sourceTree = "<group>";
		};
		6D45D6DA7FC15F3DBC507259 /* Packages */ = {
			isa = PBXGroup;
			children = (
				B43061965F2D113F8241335A /* AthlixCore */,
			);
			name = Packages;
			sourceTree = "<group>";
		};
		77EB68AA761E4AE8478F2D93 /* Dashboard */ = {
			isa = PBXGroup;
			children = (
				AC5DBD019A634AEAB198BE51 /* MuscleBodyView.swift */,
				584E63FE504017F8B939B03D /* PlaceholderDashboardView.swift */,
			);
			path = Dashboard;
			sourceTree = "<group>";
		};
		786C24F33F05C85902B97951 /* Auth */ = {
			isa = PBXGroup;
			children = (
				44A9BC67B49671EB5C6BC709 /* SignInView.swift */,
				AC846B5B291516618F30C690 /* SignInWithAppleButtonView.swift */,
				C7965FEB300E3D6E913BD964 /* SignUpView.swift */,
			);
			path = Auth;
			sourceTree = "<group>";
		};
		BDC6D4E3AD2C236024133081 /* Progress */ = {
			isa = PBXGroup;
			children = (
				346AB6CA0D8084348CBA7F83 /* PlaceholderProgressView.swift */,
			);
			path = Progress;
			sourceTree = "<group>";
		};
		C04F94BB918C86DC579A6361 /* Workout */ = {
			isa = PBXGroup;
			children = (
				081560AE3DA529FA223035F2 /* PlaceholderLogView.swift */,
			);
			path = Workout;
			sourceTree = "<group>";
		};
		E29F58BE98894BB3BFAEDFC4 /* Running */ = {
			isa = PBXGroup;
			children = (
				F7C727D6D0ED1B1CF3A87E72 /* PlaceholderRunView.swift */,
			);
			path = Running;
			sourceTree = "<group>";
		};
		EFA2112B8A84D825C5754144 /* Products */ = {
			isa = PBXGroup;
			children = (
				61834EDDA3FF07A9F5474171 /* Athlix.app */,
			);
			name = Products;
			sourceTree = "<group>";
		};
		F65648D7E304FEC7EB709E68 /* Features */ = {
			isa = PBXGroup;
			children = (
				786C24F33F05C85902B97951 /* Auth */,
				4A8F727D9A28FF7572BE789D /* Calendar */,
				77EB68AA761E4AE8478F2D93 /* Dashboard */,
				BDC6D4E3AD2C236024133081 /* Progress */,
				E29F58BE98894BB3BFAEDFC4 /* Running */,
				C04F94BB918C86DC579A6361 /* Workout */,
			);
			path = Features;
			sourceTree = "<group>";
		};
		F903B38A3C52C1FE9EB3D2F2 /* Athlix */ = {
			isa = PBXGroup;
			children = (
				7BD3C79225CF29A46176DE19 /* Athlix.entitlements */,
				B45BE7CFBA6C7B866052A5F9 /* AthlixApp.swift */,
				8E1512DFFA451559387C14FD /* Info.plist */,
				EBDD3F03C7ADB93D4EB6A0F4 /* RootView.swift */,
				F65648D7E304FEC7EB709E68 /* Features */,
				67EAB033E71695703E37B86F /* Navigation */,
			);
			path = Athlix;
			sourceTree = "<group>";
		};
/* End PBXGroup section */

/* Begin PBXNativeTarget section */
		9E926EAD18081C7ECE91F0CD /* Athlix */ = {
			isa = PBXNativeTarget;
			buildConfigurationList = FDA6AAE435EC6F6A6D67A094 /* Build configuration list for PBXNativeTarget "Athlix" */;
			buildPhases = (
				8ACAA59EFEBFF701B61AAB75 /* Sources */,
				95F92A76BAE73A5979A5DA36 /* Frameworks */,
			);
			buildRules = (
			);
			dependencies = (
			);
			name = Athlix;
			packageProductDependencies = (
				3A8D9625D32093B32C7AB9DB /* AthlixCore */,
			);
			productName = Athlix;
			productReference = 61834EDDA3FF07A9F5474171 /* Athlix.app */;
			productType = "com.apple.product-type.application";
		};
/* End PBXNativeTarget section */

/* Begin PBXProject section */
		C09D661AFA6538F2F3659E43 /* Project object */ = {
			isa = PBXProject;
			attributes = {
				BuildIndependentTargetsInParallel = YES;
				LastUpgradeCheck = 1430;
				TargetAttributes = {
				};
			};
			buildConfigurationList = C46D09C1BCC232A5EA0E25DC /* Build configuration list for PBXProject "Athlix" */;
			developmentRegion = en;
			hasScannedForEncodings = 0;
			knownRegions = (
				Base,
				en,
			);
			mainGroup = 51B540FE387F73A9802CF499;
			minimizedProjectReferenceProxies = 1;
			packageReferences = (
				C7279ABAE24EE71753E7AA67 /* XCLocalSwiftPackageReference "AthlixCore" */,
			);
			preferredProjectObjectVersion = 77;
			productRefGroup = EFA2112B8A84D825C5754144 /* Products */;
			projectDirPath = "";
			projectRoot = "";
			targets = (
				9E926EAD18081C7ECE91F0CD /* Athlix */,
			);
		};
/* End PBXProject section */

/* Begin PBXSourcesBuildPhase section */
		8ACAA59EFEBFF701B61AAB75 /* Sources */ = {
			isa = PBXSourcesBuildPhase;
			buildActionMask = 2147483647;
			files = (
				D3E05A8B25FE1AF18C6C5C52 /* AthlixApp.swift in Sources */,
				82571FE5C7267615F9EB7941 /* MainTabView.swift in Sources */,
				D2044A859FA3C92C80F9C151 /* MuscleBodyView.swift in Sources */,
				5862D577D9A5BDAD7EB7AECE /* PlaceholderCalendarView.swift in Sources */,
				58754E70DD8B221E0862AEAB /* PlaceholderDashboardView.swift in Sources */,
				0E7265B7FD95D0E8C2F85EEA /* PlaceholderLogView.swift in Sources */,
				A09B348E34A8E4C015714458 /* PlaceholderProgressView.swift in Sources */,
				DFB61FF8F7FC4B83B29F6A89 /* PlaceholderRunView.swift in Sources */,
				614813C1629A8CBA1751CDCF /* RootView.swift in Sources */,
				AE668C5D9CA9D3C9674C2DA7 /* SignInView.swift in Sources */,
				4E8906A7A0BDAF7C0B51F90F /* SignInWithAppleButtonView.swift in Sources */,
				D94788B18DF0A394D58AD407 /* SignUpView.swift in Sources */,
			);
			runOnlyForDeploymentPostprocessing = 0;
		};
/* End PBXSourcesBuildPhase section */

/* Begin XCBuildConfiguration section */
		131AB5DBC0AAC5B6BA470012 /* Release */ = {
			isa = XCBuildConfiguration;
			buildSettings = {
				ALWAYS_SEARCH_USER_PATHS = NO;
				CLANG_ANALYZER_NONNULL = YES;
				CLANG_ANALYZER_NUMBER_OBJECT_CONVERSION = YES_AGGRESSIVE;
				CLANG_CXX_LANGUAGE_STANDARD = "gnu++14";
				CLANG_CXX_LIBRARY = "libc++";
				CLANG_ENABLE_MODULES = YES;
				CLANG_ENABLE_OBJC_ARC = YES;
				CLANG_ENABLE_OBJC_WEAK = YES;
				CLANG_WARN_BLOCK_CAPTURE_AUTORELEASING = YES;
				CLANG_WARN_BOOL_CONVERSION = YES;
				CLANG_WARN_COMMA = YES;
				CLANG_WARN_CONSTANT_CONVERSION = YES;
				CLANG_WARN_DEPRECATED_OBJC_IMPLEMENTATIONS = YES;
				CLANG_WARN_DIRECT_OBJC_ISA_USAGE = YES_ERROR;
				CLANG_WARN_DOCUMENTATION_COMMENTS = YES;
				CLANG_WARN_EMPTY_BODY = YES;
				CLANG_WARN_ENUM_CONVERSION = YES;
				CLANG_WARN_INFINITE_RECURSION = YES;
				CLANG_WARN_INT_CONVERSION = YES;
				CLANG_WARN_NON_LITERAL_NULL_CONVERSION = YES;
				CLANG_WARN_OBJC_IMPLICIT_RETAIN_SELF = YES;
				CLANG_WARN_OBJC_LITERAL_CONVERSION = YES;
				CLANG_WARN_OBJC_ROOT_CLASS = YES_ERROR;
				CLANG_WARN_QUOTED_INCLUDE_IN_FRAMEWORK_HEADER = YES;
				CLANG_WARN_RANGE_LOOP_ANALYSIS = YES;
				CLANG_WARN_STRICT_PROTOTYPES = YES;
				CLANG_WARN_SUSPICIOUS_MOVE = YES;
				CLANG_WARN_UNGUARDED_AVAILABILITY = YES_AGGRESSIVE;
				CLANG_WARN_UNREACHABLE_CODE = YES;
				CLANG_WARN__DUPLICATE_METHOD_MATCH = YES;
				COPY_PHASE_STRIP = NO;
				DEBUG_INFORMATION_FORMAT = "dwarf-with-dsym";
				ENABLE_NS_ASSERTIONS = NO;
				ENABLE_STRICT_OBJC_MSGSEND = YES;
				GCC_C_LANGUAGE_STANDARD = gnu11;
				GCC_NO_COMMON_BLOCKS = YES;
				GCC_WARN_64_TO_32_BIT_CONVERSION = YES;
				GCC_WARN_ABOUT_RETURN_TYPE = YES_ERROR;
				GCC_WARN_UNDECLARED_SELECTOR = YES;
				GCC_WARN_UNINITIALIZED_AUTOS = YES_AGGRESSIVE;
				GCC_WARN_UNUSED_FUNCTION = YES;
				GCC_WARN_UNUSED_VARIABLE = YES;
				IPHONEOS_DEPLOYMENT_TARGET = 17.0;
				MTL_ENABLE_DEBUG_INFO = NO;
				MTL_FAST_MATH = YES;
				PRODUCT_NAME = "$(TARGET_NAME)";
				SDKROOT = iphoneos;
				SWIFT_COMPILATION_MODE = wholemodule;
				SWIFT_OPTIMIZATION_LEVEL = "-O";
				SWIFT_VERSION = 5.0;
			};
			name = Release;
		};
		603B7BC2E7819A5B2A0B4319 /* Release */ = {
			isa = XCBuildConfiguration;
			buildSettings = {
				ASSETCATALOG_COMPILER_APPICON_NAME = AppIcon;
				CODE_SIGN_ENTITLEMENTS = Athlix/Athlix.entitlements;
				CODE_SIGN_IDENTITY = "iPhone Developer";
				INFOPLIST_FILE = Athlix/Info.plist;
				LD_RUNPATH_SEARCH_PATHS = (
					"$(inherited)",
					"@executable_path/Frameworks",
				);
				PRODUCT_BUNDLE_IDENTIFIER = com.athlix.app;
				SDKROOT = iphoneos;
				SWIFT_VERSION = 6.0;
				TARGETED_DEVICE_FAMILY = 1;
			};
			name = Release;
		};
		77F9541F9DA7D880E443C11A /* Debug */ = {
			isa = XCBuildConfiguration;
			buildSettings = {
				ALWAYS_SEARCH_USER_PATHS = NO;
				CLANG_ANALYZER_NONNULL = YES;
				CLANG_ANALYZER_NUMBER_OBJECT_CONVERSION = YES_AGGRESSIVE;
				CLANG_CXX_LANGUAGE_STANDARD = "gnu++14";
				CLANG_CXX_LIBRARY = "libc++";
				CLANG_ENABLE_MODULES = YES;
				CLANG_ENABLE_OBJC_ARC = YES;
				CLANG_ENABLE_OBJC_WEAK = YES;
				CLANG_WARN_BLOCK_CAPTURE_AUTORELEASING = YES;
				CLANG_WARN_BOOL_CONVERSION = YES;
				CLANG_WARN_COMMA = YES;
				CLANG_WARN_CONSTANT_CONVERSION = YES;
				CLANG_WARN_DEPRECATED_OBJC_IMPLEMENTATIONS = YES;
				CLANG_WARN_DIRECT_OBJC_ISA_USAGE = YES_ERROR;
				CLANG_WARN_DOCUMENTATION_COMMENTS = YES;
				CLANG_WARN_EMPTY_BODY = YES;
				CLANG_WARN_ENUM_CONVERSION = YES;
				CLANG_WARN_INFINITE_RECURSION = YES;
				CLANG_WARN_INT_CONVERSION = YES;
				CLANG_WARN_NON_LITERAL_NULL_CONVERSION = YES;
				CLANG_WARN_OBJC_IMPLICIT_RETAIN_SELF = YES;
				CLANG_WARN_OBJC_LITERAL_CONVERSION = YES;
				CLANG_WARN_OBJC_ROOT_CLASS = YES_ERROR;
				CLANG_WARN_QUOTED_INCLUDE_IN_FRAMEWORK_HEADER = YES;
				CLANG_WARN_RANGE_LOOP_ANALYSIS = YES;
				CLANG_WARN_STRICT_PROTOTYPES = YES;
				CLANG_WARN_SUSPICIOUS_MOVE = YES;
				CLANG_WARN_UNGUARDED_AVAILABILITY = YES_AGGRESSIVE;
				CLANG_WARN_UNREACHABLE_CODE = YES;
				CLANG_WARN__DUPLICATE_METHOD_MATCH = YES;
				COPY_PHASE_STRIP = NO;
				DEBUG_INFORMATION_FORMAT = dwarf;
				ENABLE_STRICT_OBJC_MSGSEND = YES;
				ENABLE_TESTABILITY = YES;
				GCC_C_LANGUAGE_STANDARD = gnu11;
				GCC_DYNAMIC_NO_PIC = NO;
				GCC_NO_COMMON_BLOCKS = YES;
				GCC_OPTIMIZATION_LEVEL = 0;
				GCC_PREPROCESSOR_DEFINITIONS = (
					"$(inherited)",
					"DEBUG=1",
				);
				GCC_WARN_64_TO_32_BIT_CONVERSION = YES;
				GCC_WARN_ABOUT_RETURN_TYPE = YES_ERROR;
				GCC_WARN_UNDECLARED_SELECTOR = YES;
				GCC_WARN_UNINITIALIZED_AUTOS = YES_AGGRESSIVE;
				GCC_WARN_UNUSED_FUNCTION = YES;
				GCC_WARN_UNUSED_VARIABLE = YES;
				IPHONEOS_DEPLOYMENT_TARGET = 17.0;
				MTL_ENABLE_DEBUG_INFO = INCLUDE_SOURCE;
				MTL_FAST_MATH = YES;
				ONLY_ACTIVE_ARCH = YES;
				PRODUCT_NAME = "$(TARGET_NAME)";
				SDKROOT = iphoneos;
				SWIFT_ACTIVE_COMPILATION_CONDITIONS = DEBUG;
				SWIFT_OPTIMIZATION_LEVEL = "-Onone";
				SWIFT_VERSION = 5.0;
			};
			name = Debug;
		};
		F0B0BC2517E85793BE51D1FB /* Debug */ = {
			isa = XCBuildConfiguration;
			buildSettings = {
				ASSETCATALOG_COMPILER_APPICON_NAME = AppIcon;
				CODE_SIGN_ENTITLEMENTS = Athlix/Athlix.entitlements;
				CODE_SIGN_IDENTITY = "iPhone Developer";
				INFOPLIST_FILE = Athlix/Info.plist;
				LD_RUNPATH_SEARCH_PATHS = (
					"$(inherited)",
					"@executable_path/Frameworks",
				);
				PRODUCT_BUNDLE_IDENTIFIER = com.athlix.app;
				SDKROOT = iphoneos;
				SWIFT_VERSION = 6.0;
				TARGETED_DEVICE_FAMILY = 1;
			};
			name = Debug;
		};
/* End XCBuildConfiguration section */

/* Begin XCConfigurationList section */
		C46D09C1BCC232A5EA0E25DC /* Build configuration list for PBXProject "Athlix" */ = {
			isa = XCConfigurationList;
			buildConfigurations = (
				77F9541F9DA7D880E443C11A /* Debug */,
				131AB5DBC0AAC5B6BA470012 /* Release */,
			);
			defaultConfigurationIsVisible = 0;
			defaultConfigurationName = Debug;
		};
		FDA6AAE435EC6F6A6D67A094 /* Build configuration list for PBXNativeTarget "Athlix" */ = {
			isa = XCConfigurationList;
			buildConfigurations = (
				F0B0BC2517E85793BE51D1FB /* Debug */,
				603B7BC2E7819A5B2A0B4319 /* Release */,
			);
			defaultConfigurationIsVisible = 0;
			defaultConfigurationName = Debug;
		};
/* End XCConfigurationList section */

/* Begin XCLocalSwiftPackageReference section */
		C7279ABAE24EE71753E7AA67 /* XCLocalSwiftPackageReference "AthlixCore" */ = {
			isa = XCLocalSwiftPackageReference;
			relativePath = AthlixCore;
		};
/* End XCLocalSwiftPackageReference section */

/* Begin XCSwiftPackageProductDependency section */
		3A8D9625D32093B32C7AB9DB /* AthlixCore */ = {
			isa = XCSwiftPackageProductDependency;
			productName = AthlixCore;
		};
/* End XCSwiftPackageProductDependency section */
	};
	rootObject = C09D661AFA6538F2F3659E43 /* Project object */;
}
